﻿
Microsoft Visual Studio Solution File, Format Version 12.00
# Visual Studio Version 17
VisualStudioVersion = 17.14.37027.9
MinimumVisualStudioVersion = 10.0.40219.1
Project("{FAE04EC0-301F-11D3-BF4B-00C04F79EFBC}") = "Main", "Main\Main.csproj", "{3573AA2C-7EA2-40B1-AFF2-EAC9BF7EB813}"
	ProjectSection(ProjectDependencies) = postProject
		{36B4741D-8C1E-490B-9DA3-1F8A8B663328} = {36B4741D-8C1E-490B-9DA3-1F8A8B663328}
		{8172B2BF-D3EA-4938-8CC8-CA1F65C27EB2} = {8172B2BF-D3EA-4938-8CC8-CA1F65C27EB2}
	EndProjectSection
EndProject
Project("{FAE04EC0-301F-11D3-BF4B-00C04F79EFBC}") = "DNDWiki", "DNDWiki\DNDWiki.csproj", "{36B4741D-8C1E-490B-9DA3-1F8A8B663328}"
	ProjectSection(ProjectDependencies) = postProject
		{8172B2BF-D3EA-4938-8CC8-CA1F65C27EB2} = {8172B2BF-D3EA-4938-8CC8-CA1F65C27EB2}
	EndProjectSection
EndProject
Project("{FAE04EC0-301F-11D3-BF4B-00C04F79EFBC}") = "IndentityShared", "IndentityShared\IndentityShared.csproj", "{8172B2BF-D3EA-4938-8CC8-CA1F65C27EB2}"
EndProject
Global
	GlobalSection(SolutionConfigurationPlatforms) = preSolution
		Debug|Any CPU = Debug|Any CPU
		Release|Any CPU = Release|Any CPU
	EndGlobalSection
	GlobalSection(ProjectConfigurationPlatforms) = postSolution
		{3573AA2C-7EA2-40B1-AFF2-EAC9BF7EB813}.Debug|Any CPU.ActiveCfg = Debug|Any CPU
		{3573AA2C-7EA2-40B1-AFF2-EAC9BF7EB813}.Debug|Any CPU.Build.0 = Debug|Any CPU
		{3573AA2C-7EA2-40B1-AFF2-EAC9BF7EB813}.Release|Any CPU.ActiveCfg = Release|Any CPU
		{3573AA2C-7EA2-40B1-AFF2-EAC9BF7EB813}.Release|Any CPU.Build.0 = Release|Any CPU
		{36B4741D-8C1E-490B-9DA3-1F8A8B663328}.Debug|Any CPU.ActiveCfg = Debug|Any CPU
		{36B4741D-8C1E-490B-9DA3-1F8A8B663328}.Debug|Any CPU.Build.0 = Debug|Any CPU
		{36B4741D-8C1E-490B-9DA3-1F8A8B663328}.Release|Any CPU.ActiveCfg = Release|Any CPU
		{36B4741D-8C1E-490B-9DA3-1F8A8B663328}.Release|Any CPU.Build.0 = Release|Any CPU
		{8172B2BF-D3EA-4938-8CC8-CA1F65C27EB2}.Debug|Any CPU.ActiveCfg = Debug|Any CPU
		{8172B2BF-D3EA-4938-8CC8-CA1F65C27EB2}.Debug|Any CPU.Build.0 = Debug|Any CPU
		{8172B2BF-D3EA-4938-8CC8-CA1F65C27EB2}.Release|Any CPU.ActiveCfg = Release|Any CPU
		{8172B2BF-D3EA-4938-8CC8-CA1F65C27EB2}.Release|Any CPU.Build.0 = Release|Any CPU
	EndGlobalSection
	GlobalSection(SolutionProperties) = preSolution
		HideSolutionNode = FALSE
	EndGlobalSection
	GlobalSection(ExtensibilityGlobals) = postSolution
		SolutionGuid = {5EA9CB70-3F89-42E4-A53C-63A7F2DC08B8}
	EndGlobalSection
EndGlobal